// !$*UTF8*$!
{
	archiveVersion = 1;
	classes = {
	};
	objectVersion = 56;
	objects = {

/* Begin PBXBuildFile section */
		62F8A6532A440712006F8D8C /* TVMazeAppApp.swift in Sources */ = {isa = PBXBuildFile; fileRef = 62F8A6522A440712006F8D8C /* TVMazeAppApp.swift */; };
		62F8A6552A440712006F8D8C /* ContentView.swift in Sources */ = {isa = PBXBuildFile; fileRef = 62F8A6542A440712006F8D8C /* ContentView.swift */; };
		62F8A6572A440714006F8D8C /* Assets.xcassets in Resources */ = {isa = PBXBuildFile; fileRef = 62F8A6562A440714006F8D8C /* Assets.xcassets */; };
		62F8A65B2A440714006F8D8C /* Preview Assets.xcassets in Resources */ = {isa = PBXBuildFile; fileRef = 62F8A65A2A440714006F8D8C /* Preview Assets.xcassets */; };
		62F8A6652A4492E4006F8D8C /* Series.swift in Sources */ = {isa = PBXBuildFile; fileRef = 62F8A6642A4492E4006F8D8C /* Series.swift */; };
		62F8A6672A449345006F8D8C /* SeriesListView.swift in Sources */ = {isa = PBXBuildFile; fileRef = 62F8A6662A449345006F8D8C /* SeriesListView.swift */; };
		62F8A6692A461E65006F8D8C /* SerieViewModel.swift in Sources */ = {isa = PBXBuildFile; fileRef = 62F8A6682A461E65006F8D8C /* SerieViewModel.swift */; };
		62F8A66B2A461E9C006F8D8C /* SeriesDetailView.swift in Sources */ = {isa = PBXBuildFile; fileRef = 62F8A66A2A461E9C006F8D8C /* SeriesDetailView.swift */; };
		62F8A66E2A4776B7006F8D8C /* SerieCell.swift in Sources */ = {isa = PBXBuildFile; fileRef = 62F8A66D2A4776B7006F8D8C /* SerieCell.swift */; };
		62F8A6702A4776DE006F8D8C /* SearchBar.swift in Sources */ = {isa = PBXBuildFile; fileRef = 62F8A66F2A4776DE006F8D8C /* SearchBar.swift */; };
		62F8A6722A47770F006F8D8C /* URLImage.swift in Sources */ = {isa = PBXBuildFile; fileRef = 62F8A6712A47770F006F8D8C /* URLImage.swift */; };
		62F8A6742A478B38006F8D8C /* SerieDetailViewModel.swift in Sources */ = {isa = PBXBuildFile; fileRef = 62F8A6732A478B38006F8D8C /* SerieDetailViewModel.swift */; };
		62F8A6762A478B62006F8D8C /* EpisodeView.swift in Sources */ = {isa = PBXBuildFile; fileRef = 62F8A6752A478B62006F8D8C /* EpisodeView.swift */; };
		62F8A6792A479820006F8D8C /* EpisodeCell.swift in Sources */ = {isa = PBXBuildFile; fileRef = 62F8A6782A479820006F8D8C /* EpisodeCell.swift */; };
/* End PBXBuildFile section */

/* Begin PBXFileReference section */
		62F8A64F2A440712006F8D8C /* TVMazeApp.app */ = {isa = PBXFileReference; explicitFileType = wrapper.application; includeInIndex = 0; path = TVMazeApp.app; sourceTree = BUILT_PRODUCTS_DIR; };
		62F8A6522A440712006F8D8C /* TVMazeAppApp.swift */ = {isa = PBXFileReference; lastKnownFileType = sourcecode.swift; path = TVMazeAppApp.swift; sourceTree = "<group>"; };
		62F8A6542A440712006F8D8C /* ContentView.swift */ = {isa = PBXFileReference; lastKnownFileType = sourcecode.swift; path = ContentView.swift; sourceTree = "<group>"; };
		62F8A6562A440714006F8D8C /* Assets.xcassets */ = {isa = PBXFileReference; lastKnownFileType = folder.assetcatalog; path = Assets.xcassets; sourceTree = "<group>"; };
		62F8A6582A440714006F8D8C /* TVMazeApp.entitlements */ = {isa = PBXFileReference; lastKnownFileType = text.plist.entitlements; path = TVMazeApp.entitlements; sourceTree = "<group>"; };
		62F8A65A2A440714006F8D8C /* Preview Assets.xcassets */ = {isa = PBXFileReference; lastKnownFileType = folder.assetcatalog; path = "Preview Assets.xcassets"; sourceTree = "<group>"; };
		62F8A6642A4492E4006F8D8C /* Series.swift */ = {isa = PBXFileReference; lastKnownFileType = sourcecode.swift; path = Series.swift; sourceTree = "<group>"; };
		62F8A6662A449345006F8D8C /* SeriesListView.swift */ = {isa = PBXFileReference; lastKnownFileType = sourcecode.swift; path = SeriesListView.swift; sourceTree = "<group>"; };
		62F8A6682A461E65006F8D8C /* SerieViewModel.swift */ = {isa = PBXFileReference; lastKnownFileType = sourcecode.swift; path = SerieViewModel.swift; sourceTree = "<group>"; };
		62F8A66A2A461E9C006F8D8C /* SeriesDetailView.swift */ = {isa = PBXFileReference; lastKnownFileType = sourcecode.swift; path = SeriesDetailView.swift; sourceTree = "<group>"; };
		62F8A66D2A4776B7006F8D8C /* SerieCell.swift */ = {isa = PBXFileReference; lastKnownFileType = sourcecode.swift; path = SerieCell.swift; sourceTree = "<group>"; };
		62F8A66F2A4776DE006F8D8C /* SearchBar.swift */ = {isa = PBXFileReference; lastKnownFileType = sourcecode.swift; path = SearchBar.swift; sourceTree = "<group>"; };
		62F8A6712A47770F006F8D8C /* URLImage.swift */ = {isa = PBXFileReference; lastKnownFileType = sourcecode.swift; path = URLImage.swift; sourceTree = "<group>"; };
		62F8A6732A478B38006F8D8C /* SerieDetailViewModel.swift */ = {isa = PBXFileReference; lastKnownFileType = sourcecode.swift; path = SerieDetailViewModel.swift; sourceTree = "<group>"; };
		62F8A6752A478B62006F8D8C /* EpisodeView.swift */ = {isa = PBXFileReference; lastKnownFileType = sourcecode.swift; path = EpisodeView.swift; sourceTree = "<group>"; };
		62F8A6782A479820006F8D8C /* EpisodeCell.swift */ = {isa = PBXFileReference; lastKnownFileType = sourcecode.swift; path = EpisodeCell.swift; sourceTree = "<group>"; };
/* End PBXFileReference section */

/* Begin PBXFrameworksBuildPhase section */
		62F8A64C2A440712006F8D8C /* Frameworks */ = {
			isa = PBXFrameworksBuildPhase;
			buildActionMask = 2147483647;
			files = (
			);
			runOnlyForDeploymentPostprocessing = 0;
		};
/* End PBXFrameworksBuildPhase section */

/* Begin PBXGroup section */
		62F8A6462A440712006F8D8C = {
			isa = PBXGroup;
			children = (
				62F8A6512A440712006F8D8C /* TVMazeApp */,
				62F8A6502A440712006F8D8C /* Products */,
			);
			sourceTree = "<group>";
		};
		62F8A6502A440712006F8D8C /* Products */ = {
			isa = PBXGroup;
			children = (
				62F8A64F2A440712006F8D8C /* TVMazeApp.app */,
			);
			name = Products;
			sourceTree = "<group>";
		};
		62F8A6512A440712006F8D8C /* TVMazeApp */ = {
			isa = PBXGroup;
			children = (
				62F8A66C2A47769A006F8D8C /* Util */,
				62F8A6632A4492BF006F8D8C /* Model */,
				62F8A6622A4492B9006F8D8C /* ViewModel */,
				62F8A6612A4492B4006F8D8C /* View */,
				62F8A6522A440712006F8D8C /* TVMazeAppApp.swift */,
				62F8A6542A440712006F8D8C /* ContentView.swift */,
				62F8A6562A440714006F8D8C /* Assets.xcassets */,
				62F8A6582A440714006F8D8C /* TVMazeApp.entitlements */,
				62F8A6592A440714006F8D8C /* Preview Content */,
			);
			path = TVMazeApp;
			sourceTree = "<group>";
		};
		62F8A6592A440714006F8D8C /* Preview Content */ = {
			isa = PBXGroup;
			children = (
				62F8A65A2A440714006F8D8C /* Preview Assets.xcassets */,
			);
			path = "Preview Content";
			sourceTree = "<group>";
		};
		62F8A6612A4492B4006F8D8C /* View */ = {
			isa = PBXGroup;
			children = (
				62F8A6772A479811006F8D8C /* Cell */,
				62F8A6662A449345006F8D8C /* SeriesListView.swift */,
				62F8A66A2A461E9C006F8D8C /* SeriesDetailView.swift */,
				62F8A6752A478B62006F8D8C /* EpisodeView.swift */,
			);
			path = View;
			sourceTree = "<group>";
		};
		62F8A6622A4492B9006F8D8C /* ViewModel */ = {
			isa = PBXGroup;
			children = (
				62F8A6682A461E65006F8D8C /* SerieViewModel.swift */,
				62F8A6732A478B38006F8D8C /* SerieDetailViewModel.swift */,
			);
			path = ViewModel;
			sourceTree = "<group>";
		};
		62F8A6632A4492BF006F8D8C /* Model */ = {
			isa = PBXGroup;
			children = (
				62F8A6642A4492E4006F8D8C /* Series.swift */,
			);
			path = Model;
			sourceTree = "<group>";
		};
		62F8A66C2A47769A006F8D8C /* Util */ = {
			isa = PBXGroup;
			children = (
				62F8A66F2A4776DE006F8D8C /* SearchBar.swift */,
				62F8A6712A47770F006F8D8C /* URLImage.swift */,
			);
			path = Util;
			sourceTree = "<group>";
		};
		62F8A6772A479811006F8D8C /* Cell */ = {
			isa = PBXGroup;
			children = (
				62F8A66D2A4776B7006F8D8C /* SerieCell.swift */,
				62F8A6782A479820006F8D8C /* EpisodeCell.swift */,
			);
			path = Cell;
			sourceTree = "<group>";
		};
/* End PBXGroup section */

/* Begin PBXNativeTarget section */
		62F8A64E2A440712006F8D8C /* TVMazeApp */ = {
			isa = PBXNativeTarget;
			buildConfigurationList = 62F8A65E2A440714006F8D8C /* Build configuration list for PBXNativeTarget "TVMazeApp" */;
			buildPhases = (
				62F8A64B2A440712006F8D8C /* Sources */,
				62F8A64C2A440712006F8D8C /* Frameworks */,
				62F8A64D2A440712006F8D8C /* Resources */,
			);
			buildRules = (
			);
			dependencies = (
			);
			name = TVMazeApp;
			productName = TVMazeApp;
			productReference = 62F8A64F2A440712006F8D8C /* TVMazeApp.app */;
			productType = "com.apple.product-type.application";
		};
/* End PBXNativeTarget section */

/* Begin PBXProject section */
		62F8A6472A440712006F8D8C /* Project object */ = {
			isa = PBXProject;
			attributes = {
				BuildIndependentTargetsInParallel = 1;
				LastSwiftUpdateCheck = 1410;
				LastUpgradeCheck = 1410;
				TargetAttributes = {
					62F8A64E2A440712006F8D8C = {
						CreatedOnToolsVersion = 14.1;
					};
				};
			};
			buildConfigurationList = 62F8A64A2A440712006F8D8C /* Build configuration list for PBXProject "TVMazeApp" */;
			compatibilityVersion = "Xcode 14.0";
			developmentRegion = en;
			hasScannedForEncodings = 0;
			knownRegions = (
				en,
				Base,
			);
			mainGroup = 62F8A6462A440712006F8D8C;
			productRefGroup = 62F8A6502A440712006F8D8C /* Products */;
			projectDirPath = "";
			projectRoot = "";
			targets = (
				62F8A64E2A440712006F8D8C /* TVMazeApp */,
			);
		};
/* End PBXProject section */

/* Begin PBXResourcesBuildPhase section */
		62F8A64D2A440712006F8D8C /* Resources */ = {
			isa = PBXResourcesBuildPhase;
			buildActionMask = 2147483647;
			files = (
				62F8A65B2A440714006F8D8C /* Preview Assets.xcassets in Resources */,
				62F8A6572A440714006F8D8C /* Assets.xcassets in Resources */,
			);
			runOnlyForDeploymentPostprocessing = 0;
		};
/* End PBXResourcesBuildPhase section */

/* Begin PBXSourcesBuildPhase section */
		62F8A64B2A440712006F8D8C /* Sources */ = {
			isa = PBXSourcesBuildPhase;
			buildActionMask = 2147483647;
			files = (
				62F8A6652A4492E4006F8D8C /* Series.swift in Sources */,
				62F8A6722A47770F006F8D8C /* URLImage.swift in Sources */,
				62F8A6672A449345006F8D8C /* SeriesListView.swift in Sources */,
				62F8A6762A478B62006F8D8C /* EpisodeView.swift in Sources */,
				62F8A6692A461E65006F8D8C /* SerieViewModel.swift in Sources */,
				62F8A6792A479820006F8D8C /* EpisodeCell.swift in Sources */,
				62F8A6552A440712006F8D8C /* ContentView.swift in Sources */,
				62F8A66B2A461E9C006F8D8C /* SeriesDetailView.swift in Sources */,
				62F8A6702A4776DE006F8D8C /* SearchBar.swift in Sources */,
				62F8A6532A440712006F8D8C /* TVMazeAppApp.swift in Sources */,
				62F8A6742A478B38006F8D8C /* SerieDetailViewModel.swift in Sources */,
				62F8A66E2A4776B7006F8D8C /* SerieCell.swift in Sources */,
			);
			runOnlyForDeploymentPostprocessing = 0;
		};
/* End PBXSourcesBuildPhase section */

/* Begin XCBuildConfiguration section */
		62F8A65C2A440714006F8D8C /* Debug */ = {
			isa = XCBuildConfiguration;
			buildSettings = {
				ALWAYS_SEARCH_USER_PATHS = NO;
				CLANG_ANALYZER_NONNULL = YES;
				CLANG_ANALYZER_NUMBER_OBJECT_CONVERSION = YES_AGGRESSIVE;
				CLANG_CXX_LANGUAGE_STANDARD = "gnu++20";
				CLANG_ENABLE_MODULES = YES;
				CLANG_ENABLE_OBJC_ARC = YES;
				CLANG_ENABLE_OBJC_WEAK = YES;
				CLANG_WARN_BLOCK_CAPTURE_AUTORELEASING = YES;
				CLANG_WARN_BOOL_CONVERSION = YES;
				CLANG_WARN_COMMA = YES;
				CLANG_WARN_CONSTANT_CONVERSION = YES;
				CLANG_WARN_DEPRECATED_OBJC_IMPLEMENTATIONS = YES;
				CLANG_WARN_DIRECT_OBJC_ISA_USAGE = YES_ERROR;
				CLANG_WARN_DOCUMENTATION_COMMENTS = YES;
				CLANG_WARN_EMPTY_BODY = YES;
				CLANG_WARN_ENUM_CONVERSION = YES;
				CLANG_WARN_INFINITE_RECURSION = YES;
				CLANG_WARN_INT_CONVERSION = YES;
				CLANG_WARN_NON_LITERAL_NULL_CONVERSION = YES;
				CLANG_WARN_OBJC_IMPLICIT_RETAIN_SELF = YES;
				CLANG_WARN_OBJC_LITERAL_CONVERSION = YES;
				CLANG_WARN_OBJC_ROOT_CLASS = YES_ERROR;
				CLANG_WARN_QUOTED_INCLUDE_IN_FRAMEWORK_HEADER = YES;
				CLANG_WARN_RANGE_LOOP_ANALYSIS = YES;
				CLANG_WARN_STRICT_PROTOTYPES = YES;
				CLANG_WARN_SUSPICIOUS_MOVE = YES;
				CLANG_WARN_UNGUARDED_AVAILABILITY = YES_AGGRESSIVE;
				CLANG_WARN_UNREACHABLE_CODE = YES;
				CLANG_WARN__DUPLICATE_METHOD_MATCH = YES;
				COPY_PHASE_STRIP = NO;
				DEBUG_INFORMATION_FORMAT = dwarf;
				ENABLE_STRICT_OBJC_MSGSEND = YES;
				ENABLE_TESTABILITY = YES;
				GCC_C_LANGUAGE_STANDARD = gnu11;
				GCC_DYNAMIC_NO_PIC = NO;
				GCC_NO_COMMON_BLOCKS = YES;
				GCC_OPTIMIZATION_LEVEL = 0;
				GCC_PREPROCESSOR_DEFINITIONS = (
					"DEBUG=1",
					"$(inherited)",
				);
				GCC_WARN_64_TO_32_BIT_CONVERSION = YES;
				GCC_WARN_ABOUT_RETURN_TYPE = YES_ERROR;
				GCC_WARN_UNDECLARED_SELECTOR = YES;
				GCC_WARN_UNINITIALIZED_AUTOS = YES_AGGRESSIVE;
				GCC_WARN_UNUSED_FUNCTION = YES;
				GCC_WARN_UNUSED_VARIABLE = YES;
				MTL_ENABLE_DEBUG_INFO = INCLUDE_SOURCE;
				MTL_FAST_MATH = YES;
				ONLY_ACTIVE_ARCH = YES;
				SWIFT_ACTIVE_COMPILATION_CONDITIONS = DEBUG;
				SWIFT_OPTIMIZATION_LEVEL = "-Onone";
			};
			name = Debug;
		};
		62F8A65D2A440714006F8D8C /* Release */ = {
			isa = XCBuildConfiguration;
			buildSettings = {
				ALWAYS_SEARCH_USER_PATHS = NO;
				CLANG_ANALYZER_NONNULL = YES;
				CLANG_ANALYZER_NUMBER_OBJECT_CONVERSION = YES_AGGRESSIVE;
				CLANG_CXX_LANGUAGE_STANDARD = "gnu++20";
				CLANG_ENABLE_MODULES = YES;
				CLANG_ENABLE_OBJC_ARC = YES;
				CLANG_ENABLE_OBJC_WEAK = YES;
				CLANG_WARN_BLOCK_CAPTURE_AUTORELEASING = YES;
				CLANG_WARN_BOOL_CONVERSION = YES;
				CLANG_WARN_COMMA = YES;
				CLANG_WARN_CONSTANT_CONVERSION = YES;
				CLANG_WARN_DEPRECATED_OBJC_IMPLEMENTATIONS = YES;
				CLANG_WARN_DIRECT_OBJC_ISA_USAGE = YES_ERROR;
				CLANG_WARN_DOCUMENTATION_COMMENTS = YES;
				CLANG_WARN_EMPTY_BODY = YES;
				CLANG_WARN_ENUM_CONVERSION = YES;
				CLANG_WARN_INFINITE_RECURSION = YES;
				CLANG_WARN_INT_CONVERSION = YES;
				CLANG_WARN_NON_LITERAL_NULL_CONVERSION = YES;
				CLANG_WARN_OBJC_IMPLICIT_RETAIN_SELF = YES;
				CLANG_WARN_OBJC_LITERAL_CONVERSION = YES;
				CLANG_WARN_OBJC_ROOT_CLASS = YES_ERROR;
				CLANG_WARN_QUOTED_INCLUDE_IN_FRAMEWORK_HEADER = YES;
				CLANG_WARN_RANGE_LOOP_ANALYSIS = YES;
				CLANG_WARN_STRICT_PROTOTYPES = YES;
				CLANG_WARN_SUSPICIOUS_MOVE = YES;
				CLANG_WARN_UNGUARDED_AVAILABILITY = YES_AGGRESSIVE;
				CLANG_WARN_UNREACHABLE_CODE = YES;
				CLANG_WARN__DUPLICATE_METHOD_MATCH = YES;
				COPY_PHASE_STRIP = NO;
				DEBUG_INFORMATION_FORMAT = "dwarf-with-dsym";
				ENABLE_NS_ASSERTIONS = NO;
				ENABLE_STRICT_OBJC_MSGSEND = YES;
				GCC_C_LANGUAGE_STANDARD = gnu11;
				GCC_NO_COMMON_BLOCKS = YES;
				GCC_WARN_64_TO_32_BIT_CONVERSION = YES;
				GCC_WARN_ABOUT_RETURN_TYPE = YES_ERROR;
				GCC_WARN_UNDECLARED_SELECTOR = YES;
				GCC_WARN_UNINITIALIZED_AUTOS = YES_AGGRESSIVE;
				GCC_WARN_UNUSED_FUNCTION = YES;
				GCC_WARN_UNUSED_VARIABLE = YES;
				MTL_ENABLE_DEBUG_INFO = NO;
				MTL_FAST_MATH = YES;
				SWIFT_COMPILATION_MODE = wholemodule;
				SWIFT_OPTIMIZATION_LEVEL = "-O";
			};
			name = Release;
		};
		62F8A65F2A440714006F8D8C /* Debug */ = {
			isa = XCBuildConfiguration;
			buildSettings = {
				ASSETCATALOG_COMPILER_APPICON_NAME = AppIcon;
				ASSETCATALOG_COMPILER_GLOBAL_ACCENT_COLOR_NAME = AccentColor;
				CODE_SIGN_ENTITLEMENTS = TVMazeApp/TVMazeApp.entitlements;
				CODE_SIGN_STYLE = Automatic;
				CURRENT_PROJECT_VERSION = 1;
				DEVELOPMENT_ASSET_PATHS = "\"TVMazeApp/Preview Content\"";
				DEVELOPMENT_TEAM = T8FQ5UCMWX;
				ENABLE_HARDENED_RUNTIME = YES;
				ENABLE_PREVIEWS = YES;
				GENERATE_INFOPLIST_FILE = YES;
				"INFOPLIST_KEY_UIApplicationSceneManifest_Generation[sdk=iphoneos*]" = YES;
				"INFOPLIST_KEY_UIApplicationSceneManifest_Generation[sdk=iphonesimulator*]" = YES;
				"INFOPLIST_KEY_UIApplicationSupportsIndirectInputEvents[sdk=iphoneos*]" = YES;
				"INFOPLIST_KEY_UIApplicationSupportsIndirectInputEvents[sdk=iphonesimulator*]" = YES;
				"INFOPLIST_KEY_UILaunchScreen_Generation[sdk=iphoneos*]" = YES;
				"INFOPLIST_KEY_UILaunchScreen_Generation[sdk=iphonesimulator*]" = YES;
				"INFOPLIST_KEY_UIStatusBarStyle[sdk=iphoneos*]" = UIStatusBarStyleDefault;
				"INFOPLIST_KEY_UIStatusBarStyle[sdk=iphonesimulator*]" = UIStatusBarStyleDefault;
				INFOPLIST_KEY_UISupportedInterfaceOrientations_iPad = "UIInterfaceOrientationPortrait UIInterfaceOrientationPortraitUpsideDown UIInterfaceOrientationLandscapeLeft UIInterfaceOrientationLandscapeRight";
				INFOPLIST_KEY_UISupportedInterfaceOrientations_iPhone = "UIInterfaceOrientationPortrait UIInterfaceOrientationLandscapeLeft UIInterfaceOrientationLandscapeRight";
				IPHONEOS_DEPLOYMENT_TARGET = 16.1;
				LD_RUNPATH_SEARCH_PATHS = "@executable_path/Frameworks";
				"LD_RUNPATH_SEARCH_PATHS[sdk=macosx*]" = "@executable_path/../Frameworks";
				MACOSX_DEPLOYMENT_TARGET = 13.0;
				MARKETING_VERSION = 1.0;
				PRODUCT_BUNDLE_IDENTIFIER = com.pedro.TVMazeApp;
				PRODUCT_NAME = "$(TARGET_NAME)";
				SDKROOT = auto;
				SUPPORTED_PLATFORMS = "iphoneos iphonesimulator macosx";
				SWIFT_EMIT_LOC_STRINGS = YES;
				SWIFT_VERSION = 5.0;
				TARGETED_DEVICE_FAMILY = "1,2";
			};
			name = Debug;
		};
		62F8A6602A440714006F8D8C /* Release */ = {
			isa = XCBuildConfiguration;
			buildSettings = {
				ASSETCATALOG_COMPILER_APPICON_NAME = AppIcon;
				ASSETCATALOG_COMPILER_GLOBAL_ACCENT_COLOR_NAME = AccentColor;
				CODE_SIGN_ENTITLEMENTS = TVMazeApp/TVMazeApp.entitlements;
				CODE_SIGN_STYLE = Automatic;
				CURRENT_PROJECT_VERSION = 1;
				DEVELOPMENT_ASSET_PATHS = "\"TVMazeApp/Preview Content\"";
				DEVELOPMENT_TEAM = T8FQ5UCMWX;
				ENABLE_HARDENED_RUNTIME = YES;
				ENABLE_PREVIEWS = YES;
				GENERATE_INFOPLIST_FILE = YES;
				"INFOPLIST_KEY_UIApplicationSceneManifest_Generation[sdk=iphoneos*]" = YES;
				"INFOPLIST_KEY_UIApplicationSceneManifest_Generation[sdk=iphonesimulator*]" = YES;
				"INFOPLIST_KEY_UIApplicationSupportsIndirectInputEvents[sdk=iphoneos*]" = YES;
				"INFOPLIST_KEY_UIApplicationSupportsIndirectInputEvents[sdk=iphonesimulator*]" = YES;
				"INFOPLIST_KEY_UILaunchScreen_Generation[sdk=iphoneos*]" = YES;
				"INFOPLIST_KEY_UILaunchScreen_Generation[sdk=iphonesimulator*]" = YES;
				"INFOPLIST_KEY_UIStatusBarStyle[sdk=iphoneos*]" = UIStatusBarStyleDefault;
				"INFOPLIST_KEY_UIStatusBarStyle[sdk=iphonesimulator*]" = UIStatusBarStyleDefault;
				INFOPLIST_KEY_UISupportedInterfaceOrientations_iPad = "UIInterfaceOrientationPortrait UIInterfaceOrientationPortraitUpsideDown UIInterfaceOrientationLandscapeLeft UIInterfaceOrientationLandscapeRight";
				INFOPLIST_KEY_UISupportedInterfaceOrientations_iPhone = "UIInterfaceOrientationPortrait UIInterfaceOrientationLandscapeLeft UIInterfaceOrientationLandscapeRight";
				IPHONEOS_DEPLOYMENT_TARGET = 16.1;
				LD_RUNPATH_SEARCH_PATHS = "@executable_path/Frameworks";
				"LD_RUNPATH_SEARCH_PATHS[sdk=macosx*]" = "@executable_path/../Frameworks";
				MACOSX_DEPLOYMENT_TARGET = 13.0;
				MARKETING_VERSION = 1.0;
				PRODUCT_BUNDLE_IDENTIFIER = com.pedro.TVMazeApp;
				PRODUCT_NAME = "$(TARGET_NAME)";
				SDKROOT = auto;
				SUPPORTED_PLATFORMS = "iphoneos iphonesimulator macosx";
				SWIFT_EMIT_LOC_STRINGS = YES;
				SWIFT_VERSION = 5.0;
				TARGETED_DEVICE_FAMILY = "1,2";
			};
			name = Release;
		};
/* End XCBuildConfiguration section */

/* Begin XCConfigurationList section */
		62F8A64A2A440712006F8D8C /* Build configuration list for PBXProject "TVMazeApp" */ = {
			isa = XCConfigurationList;
			buildConfigurations = (
				62F8A65C2A440714006F8D8C /* Debug */,
				62F8A65D2A440714006F8D8C /* Release */,
			);
			defaultConfigurationIsVisible = 0;
			defaultConfigurationName = Release;
		};
		62F8A65E2A440714006F8D8C /* Build configuration list for PBXNativeTarget "TVMazeApp" */ = {
			isa = XCConfigurationList;
			buildConfigurations = (
				62F8A65F2A440714006F8D8C /* Debug */,
				62F8A6602A440714006F8D8C /* Release */,
			);
			defaultConfigurationIsVisible = 0;
			defaultConfigurationName = Release;
		};
/* End XCConfigurationList section */
	};
	rootObject = 62F8A6472A440712006F8D8C /* Project object */;
}
